// !$*UTF8*$!
{
	archiveVersion = 1;
	classes = {
	};
	objectVersion = 46;
	objects = {

/* Begin PBXBuildFile section */
		3F09385A1BC881870018758E /* AppDelegate.swift in Sources */ = {isa = PBXBuildFile; fileRef = 3F0938591BC881870018758E /* AppDelegate.swift */; };
		3F09385C1BC881870018758E /* ViewController.swift in Sources */ = {isa = PBXBuildFile; fileRef = 3F09385B1BC881870018758E /* ViewController.swift */; };
		3F09385F1BC881880018758E /* Main.storyboard in Resources */ = {isa = PBXBuildFile; fileRef = 3F09385D1BC881880018758E /* Main.storyboard */; };
		3F0938611BC881880018758E /* Assets.xcassets in Resources */ = {isa = PBXBuildFile; fileRef = 3F0938601BC881880018758E /* Assets.xcassets */; };
		3F0938641BC881880018758E /* LaunchScreen.storyboard in Resources */ = {isa = PBXBuildFile; fileRef = 3F0938621BC881880018758E /* LaunchScreen.storyboard */; };
		3F09386C1BCAEF550018758E /* FactsBook.swift in Sources */ = {isa = PBXBuildFile; fileRef = 3F09386B1BCAEF550018758E /* FactsBook.swift */; settings = {ASSET_TAGS = (); }; };
		3F09386E1BCC252E0018758E /* README.md in Sources */ = {isa = PBXBuildFile; fileRef = 3F09386D1BCC252D0018758E /* README.md */; settings = {ASSET_TAGS = (); }; };
/* End PBXBuildFile section */

/* Begin PBXFileReference section */
		3F0938561BC881870018758E /* JesseFacts.app */ = {isa = PBXFileReference; explicitFileType = wrapper.application; includeInIndex = 0; path = JesseFacts.app; sourceTree = BUILT_PRODUCTS_DIR; };
		3F0938591BC881870018758E /* AppDelegate.swift */ = {isa = PBXFileReference; lastKnownFileType = sourcecode.swift; path = AppDelegate.swift; sourceTree = "<group>"; };
		3F09385B1BC881870018758E /* ViewController.swift */ = {isa = PBXFileReference; lastKnownFileType = sourcecode.swift; path = ViewController.swift; sourceTree = "<group>"; };
		3F09385E1BC881880018758E /* Base */ = {isa = PBXFileReference; lastKnownFileType = file.storyboard; name = Base; path = Base.lproj/Main.storyboard; sourceTree = "<group>"; };
		3F0938601BC881880018758E /* Assets.xcassets */ = {isa = PBXFileReference; lastKnownFileType = folder.assetcatalog; path = Assets.xcassets; sourceTree = "<group>"; };
		3F0938631BC881880018758E /* Base */ = {isa = PBXFileReference; lastKnownFileType = file.storyboard; name = Base; path = Base.lproj/LaunchScreen.storyboard; sourceTree = "<group>"; };
		3F0938651BC881880018758E /* Info.plist */ = {isa = PBXFileReference; lastKnownFileType = text.plist.xml; path = Info.plist; sourceTree = "<group>"; };
		3F09386B1BCAEF550018758E /* FactsBook.swift */ = {isa = PBXFileReference; fileEncoding = 4; lastKnownFileType = sourcecode.swift; path = FactsBook.swift; sourceTree = "<group>"; };
		3F09386D1BCC252D0018758E /* README.md */ = {isa = PBXFileReference; fileEncoding = 4; lastKnownFileType = net.daringfireball.markdown; name = README.md; path = ../README.md; sourceTree = "<group>"; };
/* End PBXFileReference section */

/* Begin PBXFrameworksBuildPhase section */
		3F0938531BC881870018758E /* Frameworks */ = {
			isa = PBXFrameworksBuildPhase;
			buildActionMask = 2147483647;
			files = (
			);
			runOnlyForDeploymentPostprocessing = 0;
		};
/* End PBXFrameworksBuildPhase section */

/* Begin PBXGroup section */
		3F09384D1BC881870018758E = {
			isa = PBXGroup;
			children = (
				3F09386D1BCC252D0018758E /* README.md */,
				3F0938581BC881870018758E /* JesseFacts */,
				3F0938571BC881870018758E /* Products */,
			);
			sourceTree = "<group>";
		};
		3F0938571BC881870018758E /* Products */ = {
			isa = PBXGroup;
			children = (
				3F0938561BC881870018758E /* JesseFacts.app */,
			);
			name = Products;
			sourceTree = "<group>";
		};
		3F0938581BC881870018758E /* JesseFacts */ = {
			isa = PBXGroup;
			children = (
				3F0938591BC881870018758E /* AppDelegate.swift */,
				3F09386B1BCAEF550018758E /* FactsBook.swift */,
				3F09385B1BC881870018758E /* ViewController.swift */,
				3F09385D1BC881880018758E /* Main.storyboard */,
				3F0938601BC881880018758E /* Assets.xcassets */,
				3F0938621BC881880018758E /* LaunchScreen.storyboard */,
				3F0938651BC881880018758E /* Info.plist */,
			);
			path = JesseFacts;
			sourceTree = "<group>";
		};
/* End PBXGroup section */

/* Begin PBXNativeTarget section */
		3F0938551BC881870018758E /* JesseFacts */ = {
			isa = PBXNativeTarget;
			buildConfigurationList = 3F0938681BC881880018758E /* Build configuration list for PBXNativeTarget "JesseFacts" */;
			buildPhases = (
				3F0938521BC881870018758E /* Sources */,
				3F0938531BC881870018758E /* Frameworks */,
				3F0938541BC881870018758E /* Resources */,
			);
			buildRules = (
			);
			dependencies = (
			);
			name = JesseFacts;
			productName = JesseFacts;
			productReference = 3F0938561BC881870018758E /* JesseFacts.app */;
			productType = "com.apple.product-type.application";
		};
/* End PBXNativeTarget section */

/* Begin PBXProject section */
		3F09384E1BC881870018758E /* Project object */ = {
			isa = PBXProject;
			attributes = {
				LastUpgradeCheck = 0700;
				ORGANIZATIONNAME = "Jesse Waites";
				TargetAttributes = {
					3F0938551BC881870018758E = {
						CreatedOnToolsVersion = 7.0.1;
					};
				};
			};
			buildConfigurationList = 3F0938511BC881870018758E /* Build configuration list for PBXProject "JesseFacts" */;
			compatibilityVersion = "Xcode 3.2";
			developmentRegion = English;
			hasScannedForEncodings = 0;
			knownRegions = (
				en,
				Base,
			);
			mainGroup = 3F09384D1BC881870018758E;
			productRefGroup = 3F0938571BC881870018758E /* Products */;
			projectDirPath = "";
			projectRoot = "";
			targets = (
				3F0938551BC881870018758E /* JesseFacts */,
			);
		};
/* End PBXProject section */

/* Begin PBXResourcesBuildPhase section */
		3F0938541BC881870018758E /* Resources */ = {
			isa = PBXResourcesBuildPhase;
			buildActionMask = 2147483647;
			files = (
				3F0938641BC881880018758E /* LaunchScreen.storyboard in Resources */,
				3F0938611BC881880018758E /* Assets.xcassets in Resources */,
				3F09385F1BC881880018758E /* Main.storyboard in Resources */,
			);
			runOnlyForDeploymentPostprocessing = 0;
		};
/* End PBXResourcesBuildPhase section */

/* Begin PBXSourcesBuildPhase section */
		3F0938521BC881870018758E /* Sources */ = {
			isa = PBXSourcesBuildPhase;
			buildActionMask = 2147483647;
			files = (
				3F09386C1BCAEF550018758E /* FactsBook.swift in Sources */,
				3F09385C1BC881870018758E /* ViewController.swift in Sources */,
				3F09386E1BCC252E0018758E /* README.md in Sources */,
				3F09385A1BC881870018758E /* AppDelegate.swift in Sources */,
			);
			runOnlyForDeploymentPostprocessing = 0;
		};
/* End PBXSourcesBuildPhase section */

/* Begin PBXVariantGroup section */
		3F09385D1BC881880018758E /* Main.storyboard */ = {
			isa = PBXVariantGroup;
			children = (
				3F09385E1BC881880018758E /* Base */,
			);
			name = Main.storyboard;
			sourceTree = "<group>";
		};
		3F0938621BC881880018758E /* LaunchScreen.storyboard */ = {
			isa = PBXVariantGroup;
			children = (
				3F0938631BC881880018758E /* Base */,
			);
			name = LaunchScreen.storyboard;
			sourceTree = "<group>";
		};
/* End PBXVariantGroup section */

/* Begin XCBuildConfiguration section */
		3F0938661BC881880018758E /* Debug */ = {
			isa = XCBuildConfiguration;
			buildSettings = {
				ALWAYS_SEARCH_USER_PATHS = NO;
				CLANG_CXX_LANGUAGE_STANDARD = "gnu++0x";
				CLANG_CXX_LIBRARY = "libc++";
				CLANG_ENABLE_MODULES = YES;
				CLANG_ENABLE_OBJC_ARC = YES;
				CLANG_WARN_BOOL_CONVERSION = YES;
				CLANG_WARN_CONSTANT_CONVERSION = YES;
				CLANG_WARN_DIRECT_OBJC_ISA_USAGE = YES_ERROR;
				CLANG_WARN_EMPTY_BODY = YES;
				CLANG_WARN_ENUM_CONVERSION = YES;
				CLANG_WARN_INT_CONVERSION = YES;
				CLANG_WARN_OBJC_ROOT_CLASS = YES_ERROR;
				CLANG_WARN_UNREACHABLE_CODE = YES;
				CLANG_WARN__DUPLICATE_METHOD_MATCH = YES;
				"CODE_SIGN_IDENTITY[sdk=iphoneos*]" = "iPhone Developer";
				COPY_PHASE_STRIP = NO;
				DEBUG_INFORMATION_FORMAT = dwarf;
				ENABLE_STRICT_OBJC_MSGSEND = YES;
				ENABLE_TESTABILITY = YES;
				GCC_C_LANGUAGE_STANDARD = gnu99;
				GCC_DYNAMIC_NO_PIC = NO;
				GCC_NO_COMMON_BLOCKS = YES;
				GCC_OPTIMIZATION_LEVEL = 0;
				GCC_PREPROCESSOR_DEFINITIONS = (
					"DEBUG=1",
					"$(inherited)",
				);
				GCC_WARN_64_TO_32_BIT_CONVERSION = YES;
				GCC_WARN_ABOUT_RETURN_TYPE = YES_ERROR;
				GCC_WARN_UNDECLARED_SELECTOR = YES;
				GCC_WARN_UNINITIALIZED_AUTOS = YES_AGGRESSIVE;
				GCC_WARN_UNUSED_FUNCTION = YES;
				GCC_WARN_UNUSED_VARIABLE = YES;
				IPHONEOS_DEPLOYMENT_TARGET = 9.0;
				MTL_ENABLE_DEBUG_INFO = YES;
				ONLY_ACTIVE_ARCH = YES;
				SDKROOT = iphoneos;
				SWIFT_OPTIMIZATION_LEVEL = "-Onone";
			};
			name = Debug;
		};
		3F0938671BC881880018758E /* Release */ = {
			isa = XCBuildConfiguration;
			buildSettings = {
				ALWAYS_SEARCH_USER_PATHS = NO;
				CLANG_CXX_LANGUAGE_STANDARD = "gnu++0x";
				CLANG_CXX_LIBRARY = "libc++";
				CLANG_ENABLE_MODULES = YES;
				CLANG_ENABLE_OBJC_ARC = YES;
				CLANG_WARN_BOOL_CONVERSION = YES;
				CLANG_WARN_CONSTANT_CONVERSION = YES;
				CLANG_WARN_DIRECT_OBJC_ISA_USAGE = YES_ERROR;
				CLANG_WARN_EMPTY_BODY = YES;
				CLANG_WARN_ENUM_CONVERSION = YES;
				CLANG_WARN_INT_CONVERSION = YES;
				CLANG_WARN_OBJC_ROOT_CLASS = YES_ERROR;
				CLANG_WARN_UNREACHABLE_CODE = YES;
				CLANG_WARN__DUPLICATE_METHOD_MATCH = YES;
				"CODE_SIGN_IDENTITY[sdk=iphoneos*]" = "iPhone Developer";
				COPY_PHASE_STRIP = NO;
				DEBUG_INFORMATION_FORMAT = "dwarf-with-dsym";
				ENABLE_NS_ASSERTIONS = NO;
				ENABLE_STRICT_OBJC_MSGSEND = YES;
				GCC_C_LANGUAGE_STANDARD = gnu99;
				GCC_NO_COMMON_BLOCKS = YES;
				GCC_WARN_64_TO_32_BIT_CONVERSION = YES;
				GCC_WARN_ABOUT_RETURN_TYPE = YES_ERROR;
				GCC_WARN_UNDECLARED_SELECTOR = YES;
				GCC_WARN_UNINITIALIZED_AUTOS = YES_AGGRESSIVE;
				GCC_WARN_UNUSED_FUNCTION = YES;
				GCC_WARN_UNUSED_VARIABLE = YES;
				IPHONEOS_DEPLOYMENT_TARGET = 9.0;
				MTL_ENABLE_DEBUG_INFO = NO;
				SDKROOT = iphoneos;
				VALIDATE_PRODUCT = YES;
			};
			name = Release;
		};
		3F0938691BC881880018758E /* Debug */ = {
			isa = XCBuildConfiguration;
			buildSettings = {
				ASSETCATALOG_COMPILER_APPICON_NAME = AppIcon;
				INFOPLIST_FILE = JesseFacts/Info.plist;
				LD_RUNPATH_SEARCH_PATHS = "$(inherited) @executable_path/Frameworks";
				PRODUCT_BUNDLE_IDENTIFIER = com.jessewaites.JesseFacts;
				PRODUCT_NAME = "$(TARGET_NAME)";
			};
			name = Debug;
		};
		3F09386A1BC881880018758E /* Release */ = {
			isa = XCBuildConfiguration;
			buildSettings = {
				ASSETCATALOG_COMPILER_APPICON_NAME = AppIcon;
				INFOPLIST_FILE = JesseFacts/Info.plist;
				LD_RUNPATH_SEARCH_PATHS = "$(inherited) @executable_path/Frameworks";
				PRODUCT_BUNDLE_IDENTIFIER = com.jessewaites.JesseFacts;
				PRODUCT_NAME = "$(TARGET_NAME)";
			};
			name = Release;
		};
/* End XCBuildConfiguration section */

/* Begin XCConfigurationList section */
		3F0938511BC881870018758E /* Build configuration list for PBXProject "JesseFacts" */ = {
			isa = XCConfigurationList;
			buildConfigurations = (
				3F0938661BC881880018758E /* Debug */,
				3F0938671BC881880018758E /* Release */,
			);
			defaultConfigurationIsVisible = 0;
			defaultConfigurationName = Release;
		};
		3F0938681BC881880018758E /* Build configuration list for PBXNativeTarget "JesseFacts" */ = {
			isa = XCConfigurationList;
			buildConfigurations = (
				3F0938691BC881880018758E /* Debug */,
				3F09386A1BC881880018758E /* Release */,
			);
			defaultConfigurationIsVisible = 0;
		};
/* End XCConfigurationList section */
	};
	rootObject = 3F09384E1BC881870018758E /* Project object */;
}
